
Microsoft Visual Studio Solution File, Format Version 12.00
# Visual Studio Version 16
VisualStudioVersion = 16.0.31205.134
MinimumVisualStudioVersion = 10.0.40219.1
Project("{FAE04EC0-301F-11D3-BF4B-00C04F79EFBC}") = "NTLA1721050223", "NTLA1721050223\NTLA1721050223.csproj", "{22E289A1-C674-47E9-9895-2FFEC7952661}"
EndProject
Global
	GlobalSection(SolutionConfigurationPlatforms) = preSolution
		Debug|Any CPU = Debug|Any CPU
		Release|Any CPU = Release|Any CPU
	EndGlobalSection
	GlobalSection(ProjectConfigurationPlatforms) = postSolution
		{22E289A1-C674-47E9-9895-2FFEC7952661}.Debug|Any CPU.ActiveCfg = Debug|Any CPU
		{22E289A1-C674-47E9-9895-2FFEC7952661}.Debug|Any CPU.Build.0 = Debug|Any CPU
		{22E289A1-C674-47E9-9895-2FFEC7952661}.Release|Any CPU.ActiveCfg = Release|Any CPU
		{22E289A1-C674-47E9-9895-2FFEC7952661}.Release|Any CPU.Build.0 = Release|Any CPU
	EndGlobalSection
	GlobalSection(SolutionProperties) = preSolution
		HideSolutionNode = FALSE
	EndGlobalSection
	GlobalSection(ExtensibilityGlobals) = postSolution
		SolutionGuid = {AE4B3471-28DD-4D35-86DF-364A276ABEC1}
	EndGlobalSection
EndGlobal
